
Microsoft Visual Studio Solution File, Format Version 12.00
# Visual Studio Version 17
VisualStudioVersion = 17.11.35327.3
MinimumVisualStudioVersion = 10.0.40219.1
Project("{9A19103F-16F7-4668-BE54-9A1E7A4F7556}") = "Master.Rotas.API", "src\Master.Rotas.API\Master.Rotas.API.csproj", "{014645D8-B89D-400A-BBCA-701D5746DCFA}"
EndProject
Project("{9A19103F-16F7-4668-BE54-9A1E7A4F7556}") = "Master.Rotas.Business", "src\Master.Rotas.Business\Master.Rotas.Business.csproj", "{810F8084-5F3F-4FFC-B7C8-E4E74DBBE3D8}"
EndProject
Project("{9A19103F-16F7-4668-BE54-9A1E7A4F7556}") = "Master.Rotas.Data", "src\Master.Rotas.Data\Master.Rotas.Data.csproj", "{B4587299-E641-4DC2-8638-F15953BE0AF7}"
EndProject
Project("{FAE04EC0-301F-11D3-BF4B-00C04F79EFBC}") = "Master.Rotas.Tests", "src\Master.Rotas.Tests\Master.Rotas.Tests.csproj", "{664D604D-F623-4BCD-9F1B-76FF9F1269C1}"
EndProject
Global
	GlobalSection(SolutionConfigurationPlatforms) = preSolution
		Debug|Any CPU = Debug|Any CPU
		Release|Any CPU = Release|Any CPU
	EndGlobalSection
	GlobalSection(ProjectConfigurationPlatforms) = postSolution
		{014645D8-B89D-400A-BBCA-701D5746DCFA}.Debug|Any CPU.ActiveCfg = Debug|Any CPU
		{014645D8-B89D-400A-BBCA-701D5746DCFA}.Debug|Any CPU.Build.0 = Debug|Any CPU
		{014645D8-B89D-400A-BBCA-701D5746DCFA}.Release|Any CPU.ActiveCfg = Release|Any CPU
		{014645D8-B89D-400A-BBCA-701D5746DCFA}.Release|Any CPU.Build.0 = Release|Any CPU
		{810F8084-5F3F-4FFC-B7C8-E4E74DBBE3D8}.Debug|Any CPU.ActiveCfg = Debug|Any CPU
		{810F8084-5F3F-4FFC-B7C8-E4E74DBBE3D8}.Debug|Any CPU.Build.0 = Debug|Any CPU
		{810F8084-5F3F-4FFC-B7C8-E4E74DBBE3D8}.Release|Any CPU.ActiveCfg = Release|Any CPU
		{810F8084-5F3F-4FFC-B7C8-E4E74DBBE3D8}.Release|Any CPU.Build.0 = Release|Any CPU
		{B4587299-E641-4DC2-8638-F15953BE0AF7}.Debug|Any CPU.ActiveCfg = Debug|Any CPU
		{B4587299-E641-4DC2-8638-F15953BE0AF7}.Debug|Any CPU.Build.0 = Debug|Any CPU
		{B4587299-E641-4DC2-8638-F15953BE0AF7}.Release|Any CPU.ActiveCfg = Release|Any CPU
		{B4587299-E641-4DC2-8638-F15953BE0AF7}.Release|Any CPU.Build.0 = Release|Any CPU
		{664D604D-F623-4BCD-9F1B-76FF9F1269C1}.Debug|Any CPU.ActiveCfg = Debug|Any CPU
		{664D604D-F623-4BCD-9F1B-76FF9F1269C1}.Debug|Any CPU.Build.0 = Debug|Any CPU
		{664D604D-F623-4BCD-9F1B-76FF9F1269C1}.Release|Any CPU.ActiveCfg = Release|Any CPU
		{664D604D-F623-4BCD-9F1B-76FF9F1269C1}.Release|Any CPU.Build.0 = Release|Any CPU
	EndGlobalSection
	GlobalSection(SolutionProperties) = preSolution
		HideSolutionNode = FALSE
	EndGlobalSection
	GlobalSection(ExtensibilityGlobals) = postSolution
		SolutionGuid = {31887097-4F83-49FB-848D-C2C5539C35BC}
	EndGlobalSection
EndGlobal
